
Microsoft Visual Studio Solution File, Format Version 12.00
# Visual Studio 15
VisualStudioVersion = 15.0.27130.2036
MinimumVisualStudioVersion = 10.0.40219.1
Project("{FAE04EC0-301F-11D3-BF4B-00C04F79EFBC}") = "TP05_Classe", "TP05_Classe\TP05_Classe.csproj", "{B6DEAC7F-07E0-40C4-96D0-CB231D80140B}"
EndProject
Global
	GlobalSection(SolutionConfigurationPlatforms) = preSolution
		Debug|Any CPU = Debug|Any CPU
		Release|Any CPU = Release|Any CPU
	EndGlobalSection
	GlobalSection(ProjectConfigurationPlatforms) = postSolution
		{B6DEAC7F-07E0-40C4-96D0-CB231D80140B}.Debug|Any CPU.ActiveCfg = Debug|Any CPU
		{B6DEAC7F-07E0-40C4-96D0-CB231D80140B}.Debug|Any CPU.Build.0 = Debug|Any CPU
		{B6DEAC7F-07E0-40C4-96D0-CB231D80140B}.Release|Any CPU.ActiveCfg = Release|Any CPU
		{B6DEAC7F-07E0-40C4-96D0-CB231D80140B}.Release|Any CPU.Build.0 = Release|Any CPU
	EndGlobalSection
	GlobalSection(SolutionProperties) = preSolution
		HideSolutionNode = FALSE
	EndGlobalSection
	GlobalSection(ExtensibilityGlobals) = postSolution
		SolutionGuid = {8EC2414B-9561-4C2A-9AE2-C05AF8B38657}
	EndGlobalSection
EndGlobal
